
Microsoft Visual Studio Solution File, Format Version 12.00
# Visual Studio 14
VisualStudioVersion = 14.0.24720.0
MinimumVisualStudioVersion = 10.0.40219.1
Project("{FAE04EC0-301F-11D3-BF4B-00C04F79EFBC}") = "Intel.BikeRental.ConsoleClient", "Intel.BikeRental.ConsoleClient\Intel.BikeRental.ConsoleClient.csproj", "{B2DB970A-1E48-49AD-8AA7-F5E1CED4BBDE}"
EndProject
Project("{FAE04EC0-301F-11D3-BF4B-00C04F79EFBC}") = "Intel.BikeRental.Models", "Intel.BikeRental.Models\Intel.BikeRental.Models.csproj", "{9EB9F082-3C7B-40B7-A636-3F271054E90B}"
EndProject
Project("{FAE04EC0-301F-11D3-BF4B-00C04F79EFBC}") = "Intel.BikeRental.DAL", "Intel.BikeRental.DAL\Intel.BikeRental.DAL.csproj", "{CBAAA19E-AC0F-461E-B64B-51BA40423488}"
EndProject
Global
	GlobalSection(SolutionConfigurationPlatforms) = preSolution
		Debug|Any CPU = Debug|Any CPU
		Release|Any CPU = Release|Any CPU
	EndGlobalSection
	GlobalSection(ProjectConfigurationPlatforms) = postSolution
		{B2DB970A-1E48-49AD-8AA7-F5E1CED4BBDE}.Debug|Any CPU.ActiveCfg = Debug|Any CPU
		{B2DB970A-1E48-49AD-8AA7-F5E1CED4BBDE}.Debug|Any CPU.Build.0 = Debug|Any CPU
		{B2DB970A-1E48-49AD-8AA7-F5E1CED4BBDE}.Release|Any CPU.ActiveCfg = Release|Any CPU
		{B2DB970A-1E48-49AD-8AA7-F5E1CED4BBDE}.Release|Any CPU.Build.0 = Release|Any CPU
		{9EB9F082-3C7B-40B7-A636-3F271054E90B}.Debug|Any CPU.ActiveCfg = Debug|Any CPU
		{9EB9F082-3C7B-40B7-A636-3F271054E90B}.Debug|Any CPU.Build.0 = Debug|Any CPU
		{9EB9F082-3C7B-40B7-A636-3F271054E90B}.Release|Any CPU.ActiveCfg = Release|Any CPU
		{9EB9F082-3C7B-40B7-A636-3F271054E90B}.Release|Any CPU.Build.0 = Release|Any CPU
		{CBAAA19E-AC0F-461E-B64B-51BA40423488}.Debug|Any CPU.ActiveCfg = Debug|Any CPU
		{CBAAA19E-AC0F-461E-B64B-51BA40423488}.Debug|Any CPU.Build.0 = Debug|Any CPU
		{CBAAA19E-AC0F-461E-B64B-51BA40423488}.Release|Any CPU.ActiveCfg = Release|Any CPU
		{CBAAA19E-AC0F-461E-B64B-51BA40423488}.Release|Any CPU.Build.0 = Release|Any CPU
	EndGlobalSection
	GlobalSection(SolutionProperties) = preSolution
		HideSolutionNode = FALSE
	EndGlobalSection
EndGlobal
